
Microsoft Visual Studio Solution File, Format Version 12.00
# Visual Studio 15
VisualStudioVersion = 15.0.28307.1500
MinimumVisualStudioVersion = 10.0.40219.1
Project("{F184B08F-C81C-45F6-A57F-5ABD9991F28F}") = "WebView2 JS Helper", "WebView2 JS Helper\WebView2 JS Helper.vbproj", "{24EC301C-1EA1-4160-9730-8AB9A59F3C10}"
EndProject
Project("{F184B08F-C81C-45F6-A57F-5ABD9991F28F}") = "JS Helper Test Project", "JS Helper Test Project\JS Helper Test Project.vbproj", "{C908D159-D556-4F52-B938-B4096A1A7906}"
EndProject
Global
	GlobalSection(SolutionConfigurationPlatforms) = preSolution
		Debug|Any CPU = Debug|Any CPU
		Release|Any CPU = Release|Any CPU
	EndGlobalSection
	GlobalSection(ProjectConfigurationPlatforms) = postSolution
		{24EC301C-1EA1-4160-9730-8AB9A59F3C10}.Debug|Any CPU.ActiveCfg = Debug|Any CPU
		{24EC301C-1EA1-4160-9730-8AB9A59F3C10}.Debug|Any CPU.Build.0 = Debug|Any CPU
		{24EC301C-1EA1-4160-9730-8AB9A59F3C10}.Release|Any CPU.ActiveCfg = Release|Any CPU
		{24EC301C-1EA1-4160-9730-8AB9A59F3C10}.Release|Any CPU.Build.0 = Release|Any CPU
		{C908D159-D556-4F52-B938-B4096A1A7906}.Debug|Any CPU.ActiveCfg = Debug|Any CPU
		{C908D159-D556-4F52-B938-B4096A1A7906}.Debug|Any CPU.Build.0 = Debug|Any CPU
		{C908D159-D556-4F52-B938-B4096A1A7906}.Release|Any CPU.ActiveCfg = Release|Any CPU
		{C908D159-D556-4F52-B938-B4096A1A7906}.Release|Any CPU.Build.0 = Release|Any CPU
	EndGlobalSection
	GlobalSection(SolutionProperties) = preSolution
		HideSolutionNode = FALSE
	EndGlobalSection
	GlobalSection(ExtensibilityGlobals) = postSolution
		SolutionGuid = {CD0B49B1-63C9-4B5B-B4B7-9904680BBA25}
	EndGlobalSection
EndGlobal
